
Microsoft Visual Studio Solution File, Format Version 12.00
# Visual Studio Version 17
VisualStudioVersion = 17.10.35004.147
MinimumVisualStudioVersion = 10.0.40219.1
Project("{FAE04EC0-301F-11D3-BF4B-00C04F79EFBC}") = "task 1", "task 1\task 1.csproj", "{6C6828CC-C0A9-4166-8B62-BD550C37CA73}"
EndProject
Project("{FAE04EC0-301F-11D3-BF4B-00C04F79EFBC}") = "task 2", "task 2\task 2.csproj", "{37B6844F-3B7B-4DBF-BF60-1B0B5C229B3B}"
EndProject
Global
	GlobalSection(SolutionConfigurationPlatforms) = preSolution
		Debug|Any CPU = Debug|Any CPU
		Release|Any CPU = Release|Any CPU
	EndGlobalSection
	GlobalSection(ProjectConfigurationPlatforms) = postSolution
		{6C6828CC-C0A9-4166-8B62-BD550C37CA73}.Debug|Any CPU.ActiveCfg = Debug|Any CPU
		{6C6828CC-C0A9-4166-8B62-BD550C37CA73}.Debug|Any CPU.Build.0 = Debug|Any CPU
		{6C6828CC-C0A9-4166-8B62-BD550C37CA73}.Release|Any CPU.ActiveCfg = Release|Any CPU
		{6C6828CC-C0A9-4166-8B62-BD550C37CA73}.Release|Any CPU.Build.0 = Release|Any CPU
		{37B6844F-3B7B-4DBF-BF60-1B0B5C229B3B}.Debug|Any CPU.ActiveCfg = Debug|Any CPU
		{37B6844F-3B7B-4DBF-BF60-1B0B5C229B3B}.Debug|Any CPU.Build.0 = Debug|Any CPU
		{37B6844F-3B7B-4DBF-BF60-1B0B5C229B3B}.Release|Any CPU.ActiveCfg = Release|Any CPU
		{37B6844F-3B7B-4DBF-BF60-1B0B5C229B3B}.Release|Any CPU.Build.0 = Release|Any CPU
	EndGlobalSection
	GlobalSection(SolutionProperties) = preSolution
		HideSolutionNode = FALSE
	EndGlobalSection
	GlobalSection(ExtensibilityGlobals) = postSolution
		SolutionGuid = {28E5F916-351F-41B7-B33F-390BD70DEB09}
	EndGlobalSection
EndGlobal
